lockfileVersion: '9.0'

settings:
  autoInstallPeers: true
  excludeLinksFromLockfile: false

importers:

  .:
    dependencies:
      '@xstate/react':
        specifier: ^5.0.3
        version: 5.0.3(@types/react@19.1.3)(react@19.1.0)(xstate@5.19.2)
      effect:
        specifier: ^3.14.20
        version: 3.14.20
      react:
        specifier: ^19.1.0
        version: 19.1.0
      react-dom:
        specifier: ^19.1.0
        version: 19.1.0(react@19.1.0)
      xstate:
        specifier: ^5.19.2
        version: 5.19.2
    devDependencies:
      '@types/node':
        specifier: ^22.8.6
        version: 22.8.6
      '@types/react':
        specifier: ^19.1.3
        version: 19.1.3
      '@types/react-dom':
        specifier: ^19.1.3
        version: 19.1.3(@types/react@19.1.3)
      typescript:
        specifier: ^5.8.3
        version: 5.8.3

packages:

  '@standard-schema/spec@1.0.0':
    resolution: {integrity: sha512-m2bOd0f2RT9k8QJx1JN85cZYyH1RqFBdlwtkSlf4tBDYLCiiZnv1fIIwacK6cqwXavOydf0NPToMQgpKq+dVlA==}

  '@types/node@22.8.6':
    resolution: {integrity: sha512-tosuJYKrIqjQIlVCM4PEGxOmyg3FCPa/fViuJChnGeEIhjA46oy8FMVoF9su1/v8PNs2a8Q0iFNyOx0uOF91nw==}

  '@types/react-dom@19.1.3':
    resolution: {integrity: sha512-rJXC08OG0h3W6wDMFxQrZF00Kq6qQvw0djHRdzl3U5DnIERz0MRce3WVc7IS6JYBwtaP/DwYtRRjVlvivNveKg==}
    peerDependencies:
      '@types/react': ^19.0.0

  '@types/react@19.1.3':
    resolution: {integrity: sha512-dLWQ+Z0CkIvK1J8+wrDPwGxEYFA4RAyHoZPxHVGspYmFVnwGSNT24cGIhFJrtfRnWVuW8X7NO52gCXmhkVUWGQ==}

  '@xstate/react@5.0.3':
    resolution: {integrity: sha512-Zdnn0VTPcVdoaAiW0OX6Nkvdoe7SNGjfaZqM61NKhjt2aNULqiicmDu2tOd1ChzlRWYDxGTdbzVqqVyMLpoHJw==}
    peerDependencies:
      react: ^16.8.0 || ^17.0.0 || ^18.0.0 || ^19.0.0
      xstate: ^5.19.2
    peerDependenciesMeta:
      xstate:
        optional: true

  csstype@3.1.3:
    resolution: {integrity: sha512-M1uQkMl8rQK/szD0LNhtqxIPLpimGm8sOBwU7lLnCpSbTyY3yeU1Vc7l4KT5zT4s/yOxHH5O7tIuuLOCnLADRw==}

  effect@3.14.20:
    resolution: {integrity: sha512-c3r1jpnev6epl1DU/baCsEU1P4571ExTEm9M8OTreIbMT5AFGC0lJoVrHFkjv0IMtIz8cwPObbjjsIhhSPPWKA==}

  fast-check@3.23.2:
    resolution: {integrity: sha512-h5+1OzzfCC3Ef7VbtKdcv7zsstUQwUDlYpUTvjeUsJAssPgLn7QzbboPtL5ro04Mq0rPOsMzl7q5hIbRs2wD1A==}
    engines: {node: '>=8.0.0'}

  pure-rand@6.1.0:
    resolution: {integrity: sha512-bVWawvoZoBYpp6yIoQtQXHZjmz35RSVHnUOTefl8Vcjr8snTPY1wnpSPMWekcFwbxI6gtmT7rSYPFvz71ldiOA==}

  react-dom@19.1.0:
    resolution: {integrity: sha512-Xs1hdnE+DyKgeHJeJznQmYMIBG3TKIHJJT95Q58nHLSrElKlGQqDTR2HQ9fx5CN/Gk6Vh/kupBTDLU11/nDk/g==}
    peerDependencies:
      react: ^19.1.0

  react@19.1.0:
    resolution: {integrity: sha512-FS+XFBNvn3GTAWq26joslQgWNoFu08F4kl0J4CgdNKADkdSGXQyTCnKteIAJy96Br6YbpEU1LSzV5dYtjMkMDg==}
    engines: {node: '>=0.10.0'}

  scheduler@0.26.0:
    resolution: {integrity: sha512-NlHwttCI/l5gCPR3D1nNXtWABUmBwvZpEQiD4IXSbIDq8BzLIK/7Ir5gTFSGZDUu37K5cMNp0hFtzO38sC7gWA==}

  typescript@5.8.3:
    resolution: {integrity: sha512-p1diW6TqL9L07nNxvRMM7hMMw4c5XOo/1ibL4aAIGmSAt9slTE1Xgw5KWuof2uTOvCg9BY7ZRi+GaF+7sfgPeQ==}
    engines: {node: '>=14.17'}
    hasBin: true

  undici-types@6.19.8:
    resolution: {integrity: sha512-ve2KP6f/JnbPBFyobGHuerC9g1FYGn/F8n1LWTwNxCEzd6IfqTwUQcNXgEtmmQ6DlRrC1hrSrBnCZPokRrDHjw==}

  use-isomorphic-layout-effect@1.1.2:
    resolution: {integrity: sha512-49L8yCO3iGT/ZF9QttjwLF/ZD9Iwto5LnH5LmEdk/6cFmXddqi2ulF0edxTwjj+7mqvpVVGQWvbXZdn32wRSHA==}
    peerDependencies:
      '@types/react': '*'
      react: ^16.8.0 || ^17.0.0 || ^18.0.0
    peerDependenciesMeta:
      '@types/react':
        optional: true

  use-sync-external-store@1.2.2:
    resolution: {integrity: sha512-PElTlVMwpblvbNqQ82d2n6RjStvdSoNe9FG28kNfz3WiXilJm4DdNkEzRhCZuIDwY8U08WVihhGR5iRqAwfDiw==}
    peerDependencies:
      react: ^16.8.0 || ^17.0.0 || ^18.0.0

  xstate@5.19.2:
    resolution: {integrity: sha512-B8fL2aP0ogn5aviAXFzI5oZseAMqN00fg/TeDa3ZtatyDcViYLIfuQl4y8qmHCiKZgGEzmnTyNtNQL9oeJE2gw==}

snapshots:

  '@standard-schema/spec@1.0.0': {}

  '@types/node@22.8.6':
    dependencies:
      undici-types: 6.19.8

  '@types/react-dom@19.1.3(@types/react@19.1.3)':
    dependencies:
      '@types/react': 19.1.3

  '@types/react@19.1.3':
    dependencies:
      csstype: 3.1.3

  '@xstate/react@5.0.3(@types/react@19.1.3)(react@19.1.0)(xstate@5.19.2)':
    dependencies:
      react: 19.1.0
      use-isomorphic-layout-effect: 1.1.2(@types/react@19.1.3)(react@19.1.0)
      use-sync-external-store: 1.2.2(react@19.1.0)
    optionalDependencies:
      xstate: 5.19.2
    transitivePeerDependencies:
      - '@types/react'

  csstype@3.1.3: {}

  effect@3.14.20:
    dependencies:
      '@standard-schema/spec': 1.0.0
      fast-check: 3.23.2

  fast-check@3.23.2:
    dependencies:
      pure-rand: 6.1.0

  pure-rand@6.1.0: {}

  react-dom@19.1.0(react@19.1.0):
    dependencies:
      react: 19.1.0
      scheduler: 0.26.0

  react@19.1.0: {}

  scheduler@0.26.0: {}

  typescript@5.8.3: {}

  undici-types@6.19.8: {}

  use-isomorphic-layout-effect@1.1.2(@types/react@19.1.3)(react@19.1.0):
    dependencies:
      react: 19.1.0
    optionalDependencies:
      '@types/react': 19.1.3

  use-sync-external-store@1.2.2(react@19.1.0):
    dependencies:
      react: 19.1.0

  xstate@5.19.2: {}
