lockfileVersion: '9.0'

settings:
  autoInstallPeers: true
  excludeLinksFromLockfile: false

importers:

  .:
    dependencies:
      '@xstate/react':
        specifier: ^4.1.3
        version: 4.1.3(@types/react@18.3.12)(react@18.3.1)(xstate@5.18.2)
      effect:
        specifier: ^3.10.8
        version: 3.10.8
      react:
        specifier: ^18.3.1
        version: 18.3.1
      react-dom:
        specifier: ^18.3.1
        version: 18.3.1(react@18.3.1)
      xstate:
        specifier: ^5.18.2
        version: 5.18.2
    devDependencies:
      '@types/node':
        specifier: ^22.8.6
        version: 22.8.6
      '@types/react':
        specifier: ^18.3.12
        version: 18.3.12
      '@types/react-dom':
        specifier: ^18.3.1
        version: 18.3.1
      typescript:
        specifier: ^5.6.3
        version: 5.6.3

packages:

  '@types/node@22.8.6':
    resolution: {integrity: sha512-tosuJYKrIqjQIlVCM4PEGxOmyg3FCPa/fViuJChnGeEIhjA46oy8FMVoF9su1/v8PNs2a8Q0iFNyOx0uOF91nw==}

  '@types/prop-types@15.7.13':
    resolution: {integrity: sha512-hCZTSvwbzWGvhqxp/RqVqwU999pBf2vp7hzIjiYOsl8wqOmUxkQ6ddw1cV3l8811+kdUFus/q4d1Y3E3SyEifA==}

  '@types/react-dom@18.3.1':
    resolution: {integrity: sha512-qW1Mfv8taImTthu4KoXgDfLuk4bydU6Q/TkADnDWWHwi4NX4BR+LWfTp2sVmTqRrsHvyDDTelgelxJ+SsejKKQ==}

  '@types/react@18.3.12':
    resolution: {integrity: sha512-D2wOSq/d6Agt28q7rSI3jhU7G6aiuzljDGZ2hTZHIkrTLUI+AF3WMeKkEZ9nN2fkBAlcktT6vcZjDFiIhMYEQw==}

  '@xstate/react@4.1.3':
    resolution: {integrity: sha512-zhE+ZfrcCR87bu71Rkh5Z5ruZBivR/7uD/dkelzJqjQdI45IZc9DqTI8lL4Cg5+VN2p5k86KxDsusqW1kW11Tg==}
    peerDependencies:
      react: ^16.8.0 || ^17.0.0 || ^18.0.0
      xstate: ^5.18.2
    peerDependenciesMeta:
      xstate:
        optional: true

  csstype@3.1.3:
    resolution: {integrity: sha512-M1uQkMl8rQK/szD0LNhtqxIPLpimGm8sOBwU7lLnCpSbTyY3yeU1Vc7l4KT5zT4s/yOxHH5O7tIuuLOCnLADRw==}

  effect@3.10.8:
    resolution: {integrity: sha512-vCKKp7EL6j7x1xfBbmndcQvooNE5FEDxkVro2yqEGBR2Ogn4I4XVK5A4eLVlDxS9egvX7EFaBwDRfm7k6IM6oA==}

  fast-check@3.22.0:
    resolution: {integrity: sha512-8HKz3qXqnHYp/VCNn2qfjHdAdcI8zcSqOyX64GOMukp7SL2bfzfeDKjSd+UyECtejccaZv3LcvZTm9YDD22iCQ==}
    engines: {node: '>=8.0.0'}

  js-tokens@4.0.0:
    resolution: {integrity: sha512-RdJUflcE3cUzKiMqQgsCu06FPu9UdIJO0beYbPhHN4k6apgJtifcoCtT9bcxOpYBtpD2kCM6Sbzg4CausW/PKQ==}

  loose-envify@1.4.0:
    resolution: {integrity: sha512-lyuxPGr/Wfhrlem2CL/UcnUc1zcqKAImBDzukY7Y5F/yQiNdko6+fRLevlw1HgMySw7f611UIY408EtxRSoK3Q==}
    hasBin: true

  pure-rand@6.1.0:
    resolution: {integrity: sha512-bVWawvoZoBYpp6yIoQtQXHZjmz35RSVHnUOTefl8Vcjr8snTPY1wnpSPMWekcFwbxI6gtmT7rSYPFvz71ldiOA==}

  react-dom@18.3.1:
    resolution: {integrity: sha512-5m4nQKp+rZRb09LNH59GM4BxTh9251/ylbKIbpe7TpGxfJ+9kv6BLkLBXIjjspbgbnIBNqlI23tRnTWT0snUIw==}
    peerDependencies:
      react: ^18.3.1

  react@18.3.1:
    resolution: {integrity: sha512-wS+hAgJShR0KhEvPJArfuPVN1+Hz1t0Y6n5jLrGQbkb4urgPE/0Rve+1kMB1v/oWgHgm4WIcV+i7F2pTVj+2iQ==}
    engines: {node: '>=0.10.0'}

  scheduler@0.23.2:
    resolution: {integrity: sha512-UOShsPwz7NrMUqhR6t0hWjFduvOzbtv7toDH1/hIrfRNIDBnnBWd0CwJTGvTpngVlmwGCdP9/Zl/tVrDqcuYzQ==}

  typescript@5.6.3:
    resolution: {integrity: sha512-hjcS1mhfuyi4WW8IWtjP7brDrG2cuDZukyrYrSauoXGNgx0S7zceP07adYkJycEr56BOUTNPzbInooiN3fn1qw==}
    engines: {node: '>=14.17'}
    hasBin: true

  undici-types@6.19.8:
    resolution: {integrity: sha512-ve2KP6f/JnbPBFyobGHuerC9g1FYGn/F8n1LWTwNxCEzd6IfqTwUQcNXgEtmmQ6DlRrC1hrSrBnCZPokRrDHjw==}

  use-isomorphic-layout-effect@1.1.2:
    resolution: {integrity: sha512-49L8yCO3iGT/ZF9QttjwLF/ZD9Iwto5LnH5LmEdk/6cFmXddqi2ulF0edxTwjj+7mqvpVVGQWvbXZdn32wRSHA==}
    peerDependencies:
      '@types/react': '*'
      react: ^16.8.0 || ^17.0.0 || ^18.0.0
    peerDependenciesMeta:
      '@types/react':
        optional: true

  use-sync-external-store@1.2.2:
    resolution: {integrity: sha512-PElTlVMwpblvbNqQ82d2n6RjStvdSoNe9FG28kNfz3WiXilJm4DdNkEzRhCZuIDwY8U08WVihhGR5iRqAwfDiw==}
    peerDependencies:
      react: ^16.8.0 || ^17.0.0 || ^18.0.0

  xstate@5.18.2:
    resolution: {integrity: sha512-hab5VOe29D0agy8/7dH1lGw+7kilRQyXwpaChoMu4fe6rDP+nsHYhDYKfS2O4iXE7myA98TW6qMEudj/8NXEkA==}

snapshots:

  '@types/node@22.8.6':
    dependencies:
      undici-types: 6.19.8

  '@types/prop-types@15.7.13': {}

  '@types/react-dom@18.3.1':
    dependencies:
      '@types/react': 18.3.12

  '@types/react@18.3.12':
    dependencies:
      '@types/prop-types': 15.7.13
      csstype: 3.1.3

  '@xstate/react@4.1.3(@types/react@18.3.12)(react@18.3.1)(xstate@5.18.2)':
    dependencies:
      react: 18.3.1
      use-isomorphic-layout-effect: 1.1.2(@types/react@18.3.12)(react@18.3.1)
      use-sync-external-store: 1.2.2(react@18.3.1)
    optionalDependencies:
      xstate: 5.18.2
    transitivePeerDependencies:
      - '@types/react'

  csstype@3.1.3: {}

  effect@3.10.8:
    dependencies:
      fast-check: 3.22.0

  fast-check@3.22.0:
    dependencies:
      pure-rand: 6.1.0

  js-tokens@4.0.0: {}

  loose-envify@1.4.0:
    dependencies:
      js-tokens: 4.0.0

  pure-rand@6.1.0: {}

  react-dom@18.3.1(react@18.3.1):
    dependencies:
      loose-envify: 1.4.0
      react: 18.3.1
      scheduler: 0.23.2

  react@18.3.1:
    dependencies:
      loose-envify: 1.4.0

  scheduler@0.23.2:
    dependencies:
      loose-envify: 1.4.0

  typescript@5.6.3: {}

  undici-types@6.19.8: {}

  use-isomorphic-layout-effect@1.1.2(@types/react@18.3.12)(react@18.3.1):
    dependencies:
      react: 18.3.1
    optionalDependencies:
      '@types/react': 18.3.12

  use-sync-external-store@1.2.2(react@18.3.1):
    dependencies:
      react: 18.3.1

  xstate@5.18.2: {}
