lockfileVersion: '9.0'

settings:
  autoInstallPeers: true
  excludeLinksFromLockfile: false

importers:

  .:
    dependencies:
      effect:
        specifier: ^3.10.8
        version: 3.10.8
    devDependencies:
      typescript:
        specifier: ^5.6.3
        version: 5.6.3

packages:

  effect@3.10.8:
    resolution: {integrity: sha512-vCKKp7EL6j7x1xfBbmndcQvooNE5FEDxkVro2yqEGBR2Ogn4I4XVK5A4eLVlDxS9egvX7EFaBwDRfm7k6IM6oA==}

  fast-check@3.23.0:
    resolution: {integrity: sha512-TmpgSeJ2jUV+FNWnSy9iIE9bOV9nCNQ4it+K9BpCNT9JsQOfZYznWGSbMw+Wa4uusEss0IcL/trFVoRxS6IuAA==}
    engines: {node: '>=8.0.0'}

  pure-rand@6.1.0:
    resolution: {integrity: sha512-bVWawvoZoBYpp6yIoQtQXHZjmz35RSVHnUOTefl8Vcjr8snTPY1wnpSPMWekcFwbxI6gtmT7rSYPFvz71ldiOA==}

  typescript@5.6.3:
    resolution: {integrity: sha512-hjcS1mhfuyi4WW8IWtjP7brDrG2cuDZukyrYrSauoXGNgx0S7zceP07adYkJycEr56BOUTNPzbInooiN3fn1qw==}
    engines: {node: '>=14.17'}
    hasBin: true

snapshots:

  effect@3.10.8:
    dependencies:
      fast-check: 3.23.0

  fast-check@3.23.0:
    dependencies:
      pure-rand: 6.1.0

  pure-rand@6.1.0: {}

  typescript@5.6.3: {}
