lockfileVersion: '9.0'

settings:
  autoInstallPeers: true
  excludeLinksFromLockfile: false

importers:

  .:
    dependencies:
      xstate:
        specifier: ^5.18.2
        version: 5.18.2
    devDependencies:
      typescript:
        specifier: ^5.6.3
        version: 5.6.3

packages:

  typescript@5.6.3:
    resolution: {integrity: sha512-hjcS1mhfuyi4WW8IWtjP7brDrG2cuDZukyrYrSauoXGNgx0S7zceP07adYkJycEr56BOUTNPzbInooiN3fn1qw==}
    engines: {node: '>=14.17'}
    hasBin: true

  xstate@5.18.2:
    resolution: {integrity: sha512-hab5VOe29D0agy8/7dH1lGw+7kilRQyXwpaChoMu4fe6rDP+nsHYhDYKfS2O4iXE7myA98TW6qMEudj/8NXEkA==}

snapshots:

  typescript@5.6.3: {}

  xstate@5.18.2: {}
