lockfileVersion: '9.0'

settings:
  autoInstallPeers: true
  excludeLinksFromLockfile: false

importers:

  .:
    dependencies:
      effect:
        specifier: ^3.10.8
        version: 3.10.8
      openapi-fetch:
        specifier: ^0.13.0
        version: 0.13.0
    devDependencies:
      '@types/node':
        specifier: ^22.8.6
        version: 22.8.6
      typescript:
        specifier: ^5.6.3
        version: 5.6.3

packages:

  '@types/node@22.8.6':
    resolution: {integrity: sha512-tosuJYKrIqjQIlVCM4PEGxOmyg3FCPa/fViuJChnGeEIhjA46oy8FMVoF9su1/v8PNs2a8Q0iFNyOx0uOF91nw==}

  effect@3.10.8:
    resolution: {integrity: sha512-vCKKp7EL6j7x1xfBbmndcQvooNE5FEDxkVro2yqEGBR2Ogn4I4XVK5A4eLVlDxS9egvX7EFaBwDRfm7k6IM6oA==}

  fast-check@3.23.0:
    resolution: {integrity: sha512-TmpgSeJ2jUV+FNWnSy9iIE9bOV9nCNQ4it+K9BpCNT9JsQOfZYznWGSbMw+Wa4uusEss0IcL/trFVoRxS6IuAA==}
    engines: {node: '>=8.0.0'}

  openapi-fetch@0.13.0:
    resolution: {integrity: sha512-6Nlf/BDbtyHwHdNrLPUiyt4CZMzL3ZyAt55yWH8W7+Z+8aYWnvca4uZHQHXViy8KcnCMqAhLM/bifh2Yjjkf6w==}

  openapi-typescript-helpers@0.0.15:
    resolution: {integrity: sha512-opyTPaunsklCBpTK8JGef6mfPhLSnyy5a0IN9vKtx3+4aExf+KxEqYwIy3hqkedXIB97u357uLMJsOnm3GVjsw==}

  pure-rand@6.1.0:
    resolution: {integrity: sha512-bVWawvoZoBYpp6yIoQtQXHZjmz35RSVHnUOTefl8Vcjr8snTPY1wnpSPMWekcFwbxI6gtmT7rSYPFvz71ldiOA==}

  typescript@5.6.3:
    resolution: {integrity: sha512-hjcS1mhfuyi4WW8IWtjP7brDrG2cuDZukyrYrSauoXGNgx0S7zceP07adYkJycEr56BOUTNPzbInooiN3fn1qw==}
    engines: {node: '>=14.17'}
    hasBin: true

  undici-types@6.19.8:
    resolution: {integrity: sha512-ve2KP6f/JnbPBFyobGHuerC9g1FYGn/F8n1LWTwNxCEzd6IfqTwUQcNXgEtmmQ6DlRrC1hrSrBnCZPokRrDHjw==}

snapshots:

  '@types/node@22.8.6':
    dependencies:
      undici-types: 6.19.8

  effect@3.10.8:
    dependencies:
      fast-check: 3.23.0

  fast-check@3.23.0:
    dependencies:
      pure-rand: 6.1.0

  openapi-fetch@0.13.0:
    dependencies:
      openapi-typescript-helpers: 0.0.15

  openapi-typescript-helpers@0.0.15: {}

  pure-rand@6.1.0: {}

  typescript@5.6.3: {}

  undici-types@6.19.8: {}
